
Microsoft Visual Studio Solution File, Format Version 12.00
# Visual Studio 15
VisualStudioVersion = 15.0.27703.2042
MinimumVisualStudioVersion = 10.0.40219.1
Project("{FAE04EC0-301F-11D3-BF4B-00C04F79EFBC}") = "My_Bank.Android", "My_Bank\My_Bank.Android\My_Bank.Android.csproj", "{4C4DC71C-564E-43E5-A04F-9946AA2D3185}"
EndProject
Project("{FAE04EC0-301F-11D3-BF4B-00C04F79EFBC}") = "My_Bank.iOS", "My_Bank\My_Bank.iOS\My_Bank.iOS.csproj", "{F0C7EBFD-42B6-4578-B847-DEFABFA4F100}"
EndProject
Project("{FAE04EC0-301F-11D3-BF4B-00C04F79EFBC}") = "My_Bank.UWP", "My_Bank\My_Bank.UWP\My_Bank.UWP.csproj", "{7FE88AD9-8367-4F4C-B365-186AABC50BAA}"
EndProject
Project("{D954291E-2A0B-460D-934E-DC6B0785DB48}") = "My_Bank", "My_Bank\My_Bank\My_Bank.shproj", "{40156C50-E735-4EF1-97E4-B5EED0CD14C8}"
EndProject
Project("{9A19103F-16F7-4668-BE54-9A1E7A4F7556}") = "My_Bank_API", "My_Bank_API\My_Bank_API.csproj", "{055F1DA0-AF11-4717-B080-977EBFFA70AC}"
EndProject
Project("{00D1A9C2-B5F0-4AF3-8072-F6C62B433612}") = "MyBank_Database", "MyBank_Database\MyBank_Database.sqlproj", "{64E4E083-971E-472B-9151-61C21E717380}"
EndProject
Global
	GlobalSection(SharedMSBuildProjectFiles) = preSolution
		My_Bank\My_Bank\My_Bank.projitems*{40156c50-e735-4ef1-97e4-b5eed0cd14c8}*SharedItemsImports = 13
		My_Bank\My_Bank\My_Bank.projitems*{4c4dc71c-564e-43e5-a04f-9946aa2d3185}*SharedItemsImports = 4
		My_Bank\My_Bank\My_Bank.projitems*{7fe88ad9-8367-4f4c-b365-186aabc50baa}*SharedItemsImports = 4
		My_Bank\My_Bank\My_Bank.projitems*{f0c7ebfd-42b6-4578-b847-defabfa4f100}*SharedItemsImports = 4
	EndGlobalSection
	GlobalSection(SolutionConfigurationPlatforms) = preSolution
		Ad-Hoc|Any CPU = Ad-Hoc|Any CPU
		Ad-Hoc|ARM = Ad-Hoc|ARM
		Ad-Hoc|iPhone = Ad-Hoc|iPhone
		Ad-Hoc|iPhoneSimulator = Ad-Hoc|iPhoneSimulator
		Ad-Hoc|x64 = Ad-Hoc|x64
		Ad-Hoc|x86 = Ad-Hoc|x86
		AppStore|Any CPU = AppStore|Any CPU
		AppStore|ARM = AppStore|ARM
		AppStore|iPhone = AppStore|iPhone
		AppStore|iPhoneSimulator = AppStore|iPhoneSimulator
		AppStore|x64 = AppStore|x64
		AppStore|x86 = AppStore|x86
		Debug|Any CPU = Debug|Any CPU
		Debug|ARM = Debug|ARM
		Debug|iPhone = Debug|iPhone
		Debug|iPhoneSimulator = Debug|iPhoneSimulator
		Debug|x64 = Debug|x64
		Debug|x86 = Debug|x86
		Release|Any CPU = Release|Any CPU
		Release|ARM = Release|ARM
		Release|iPhone = Release|iPhone
		Release|iPhoneSimulator = Release|iPhoneSimulator
		Release|x64 = Release|x64
		Release|x86 = Release|x86
	EndGlobalSection
	GlobalSection(ProjectConfigurationPlatforms) = postSolution
		{4C4DC71C-564E-43E5-A04F-9946AA2D3185}.Ad-Hoc|Any CPU.ActiveCfg = Release|Any CPU
		{4C4DC71C-564E-43E5-A04F-9946AA2D3185}.Ad-Hoc|Any CPU.Build.0 = Release|Any CPU
		{4C4DC71C-564E-43E5-A04F-9946AA2D3185}.Ad-Hoc|Any CPU.Deploy.0 = Release|Any CPU
		{4C4DC71C-564E-43E5-A04F-9946AA2D3185}.Ad-Hoc|ARM.ActiveCfg = Release|Any CPU
		{4C4DC71C-564E-43E5-A04F-9946AA2D3185}.Ad-Hoc|ARM.Build.0 = Release|Any CPU
		{4C4DC71C-564E-43E5-A04F-9946AA2D3185}.Ad-Hoc|ARM.Deploy.0 = Release|Any CPU
		{4C4DC71C-564E-43E5-A04F-9946AA2D3185}.Ad-Hoc|iPhone.ActiveCfg = Release|Any CPU
		{4C4DC71C-564E-43E5-A04F-9946AA2D3185}.Ad-Hoc|iPhone.Build.0 = Release|Any CPU
		{4C4DC71C-564E-43E5-A04F-9946AA2D3185}.Ad-Hoc|iPhone.Deploy.0 = Release|Any CPU
		{4C4DC71C-564E-43E5-A04F-9946AA2D3185}.Ad-Hoc|iPhoneSimulator.ActiveCfg = Release|Any CPU
		{4C4DC71C-564E-43E5-A04F-9946AA2D3185}.Ad-Hoc|iPhoneSimulator.Build.0 = Release|Any CPU
		{4C4DC71C-564E-43E5-A04F-9946AA2D3185}.Ad-Hoc|iPhoneSimulator.Deploy.0 = Release|Any CPU
		{4C4DC71C-564E-43E5-A04F-9946AA2D3185}.Ad-Hoc|x64.ActiveCfg = Release|Any CPU
		{4C4DC71C-564E-43E5-A04F-9946AA2D3185}.Ad-Hoc|x64.Build.0 = Release|Any CPU
		{4C4DC71C-564E-43E5-A04F-9946AA2D3185}.Ad-Hoc|x64.Deploy.0 = Release|Any CPU
		{4C4DC71C-564E-43E5-A04F-9946AA2D3185}.Ad-Hoc|x86.ActiveCfg = Release|Any CPU
		{4C4DC71C-564E-43E5-A04F-9946AA2D3185}.Ad-Hoc|x86.Build.0 = Release|Any CPU
		{4C4DC71C-564E-43E5-A04F-9946AA2D3185}.Ad-Hoc|x86.Deploy.0 = Release|Any CPU
		{4C4DC71C-564E-43E5-A04F-9946AA2D3185}.AppStore|Any CPU.ActiveCfg = Release|Any CPU
		{4C4DC71C-564E-43E5-A04F-9946AA2D3185}.AppStore|Any CPU.Build.0 = Release|Any CPU
		{4C4DC71C-564E-43E5-A04F-9946AA2D3185}.AppStore|Any CPU.Deploy.0 = Release|Any CPU
		{4C4DC71C-564E-43E5-A04F-9946AA2D3185}.AppStore|ARM.ActiveCfg = Release|Any CPU
		{4C4DC71C-564E-43E5-A04F-9946AA2D3185}.AppStore|ARM.Build.0 = Release|Any CPU
		{4C4DC71C-564E-43E5-A04F-9946AA2D3185}.AppStore|ARM.Deploy.0 = Release|Any CPU
		{4C4DC71C-564E-43E5-A04F-9946AA2D3185}.AppStore|iPhone.ActiveCfg = Release|Any CPU
		{4C4DC71C-564E-43E5-A04F-9946AA2D3185}.AppStore|iPhone.Build.0 = Release|Any CPU
		{4C4DC71C-564E-43E5-A04F-9946AA2D3185}.AppStore|iPhone.Deploy.0 = Release|Any CPU
		{4C4DC71C-564E-43E5-A04F-9946AA2D3185}.AppStore|iPhoneSimulator.ActiveCfg = Release|Any CPU
		{4C4DC71C-564E-43E5-A04F-9946AA2D3185}.AppStore|iPhoneSimulator.Build.0 = Release|Any CPU
		{4C4DC71C-564E-43E5-A04F-9946AA2D3185}.AppStore|iPhoneSimulator.Deploy.0 = Release|Any CPU
		{4C4DC71C-564E-43E5-A04F-9946AA2D3185}.AppStore|x64.ActiveCfg = Release|Any CPU
		{4C4DC71C-564E-43E5-A04F-9946AA2D3185}.AppStore|x64.Build.0 = Release|Any CPU
		{4C4DC71C-564E-43E5-A04F-9946AA2D3185}.AppStore|x64.Deploy.0 = Release|Any CPU
		{4C4DC71C-564E-43E5-A04F-9946AA2D3185}.AppStore|x86.ActiveCfg = Release|Any CPU
		{4C4DC71C-564E-43E5-A04F-9946AA2D3185}.AppStore|x86.Build.0 = Release|Any CPU
		{4C4DC71C-564E-43E5-A04F-9946AA2D3185}.AppStore|x86.Deploy.0 = Release|Any CPU
		{4C4DC71C-564E-43E5-A04F-9946AA2D3185}.Debug|Any CPU.ActiveCfg = Debug|Any CPU
		{4C4DC71C-564E-43E5-A04F-9946AA2D3185}.Debug|Any CPU.Build.0 = Debug|Any CPU
		{4C4DC71C-564E-43E5-A04F-9946AA2D3185}.Debug|Any CPU.Deploy.0 = Debug|Any CPU
		{4C4DC71C-564E-43E5-A04F-9946AA2D3185}.Debug|ARM.ActiveCfg = Debug|Any CPU
		{4C4DC71C-564E-43E5-A04F-9946AA2D3185}.Debug|ARM.Build.0 = Debug|Any CPU
		{4C4DC71C-564E-43E5-A04F-9946AA2D3185}.Debug|ARM.Deploy.0 = Debug|Any CPU
		{4C4DC71C-564E-43E5-A04F-9946AA2D3185}.Debug|iPhone.ActiveCfg = Debug|Any CPU
		{4C4DC71C-564E-43E5-A04F-9946AA2D3185}.Debug|iPhone.Build.0 = Debug|Any CPU
		{4C4DC71C-564E-43E5-A04F-9946AA2D3185}.Debug|iPhone.Deploy.0 = Debug|Any CPU
		{4C4DC71C-564E-43E5-A04F-9946AA2D3185}.Debug|iPhoneSimulator.ActiveCfg = Debug|Any CPU
		{4C4DC71C-564E-43E5-A04F-9946AA2D3185}.Debug|iPhoneSimulator.Build.0 = Debug|Any CPU
		{4C4DC71C-564E-43E5-A04F-9946AA2D3185}.Debug|iPhoneSimulator.Deploy.0 = Debug|Any CPU
		{4C4DC71C-564E-43E5-A04F-9946AA2D3185}.Debug|x64.ActiveCfg = Debug|Any CPU
		{4C4DC71C-564E-43E5-A04F-9946AA2D3185}.Debug|x64.Build.0 = Debug|Any CPU
		{4C4DC71C-564E-43E5-A04F-9946AA2D3185}.Debug|x64.Deploy.0 = Debug|Any CPU
		{4C4DC71C-564E-43E5-A04F-9946AA2D3185}.Debug|x86.ActiveCfg = Debug|Any CPU
		{4C4DC71C-564E-43E5-A04F-9946AA2D3185}.Debug|x86.Build.0 = Debug|Any CPU
		{4C4DC71C-564E-43E5-A04F-9946AA2D3185}.Debug|x86.Deploy.0 = Debug|Any CPU
		{4C4DC71C-564E-43E5-A04F-9946AA2D3185}.Release|Any CPU.ActiveCfg = Release|Any CPU
		{4C4DC71C-564E-43E5-A04F-9946AA2D3185}.Release|Any CPU.Build.0 = Release|Any CPU
		{4C4DC71C-564E-43E5-A04F-9946AA2D3185}.Release|Any CPU.Deploy.0 = Release|Any CPU
		{4C4DC71C-564E-43E5-A04F-9946AA2D3185}.Release|ARM.ActiveCfg = Release|Any CPU
		{4C4DC71C-564E-43E5-A04F-9946AA2D3185}.Release|ARM.Build.0 = Release|Any CPU
		{4C4DC71C-564E-43E5-A04F-9946AA2D3185}.Release|ARM.Deploy.0 = Release|Any CPU
		{4C4DC71C-564E-43E5-A04F-9946AA2D3185}.Release|iPhone.ActiveCfg = Release|Any CPU
		{4C4DC71C-564E-43E5-A04F-9946AA2D3185}.Release|iPhone.Build.0 = Release|Any CPU
		{4C4DC71C-564E-43E5-A04F-9946AA2D3185}.Release|iPhone.Deploy.0 = Release|Any CPU
		{4C4DC71C-564E-43E5-A04F-9946AA2D3185}.Release|iPhoneSimulator.ActiveCfg = Release|Any CPU
		{4C4DC71C-564E-43E5-A04F-9946AA2D3185}.Release|iPhoneSimulator.Build.0 = Release|Any CPU
		{4C4DC71C-564E-43E5-A04F-9946AA2D3185}.Release|iPhoneSimulator.Deploy.0 = Release|Any CPU
		{4C4DC71C-564E-43E5-A04F-9946AA2D3185}.Release|x64.ActiveCfg = Release|Any CPU
		{4C4DC71C-564E-43E5-A04F-9946AA2D3185}.Release|x64.Build.0 = Release|Any CPU
		{4C4DC71C-564E-43E5-A04F-9946AA2D3185}.Release|x64.Deploy.0 = Release|Any CPU
		{4C4DC71C-564E-43E5-A04F-9946AA2D3185}.Release|x86.ActiveCfg = Release|Any CPU
		{4C4DC71C-564E-43E5-A04F-9946AA2D3185}.Release|x86.Build.0 = Release|Any CPU
		{4C4DC71C-564E-43E5-A04F-9946AA2D3185}.Release|x86.Deploy.0 = Release|Any CPU
		{F0C7EBFD-42B6-4578-B847-DEFABFA4F100}.Ad-Hoc|Any CPU.ActiveCfg = Ad-Hoc|iPhone
		{F0C7EBFD-42B6-4578-B847-DEFABFA4F100}.Ad-Hoc|Any CPU.Build.0 = Ad-Hoc|iPhone
		{F0C7EBFD-42B6-4578-B847-DEFABFA4F100}.Ad-Hoc|Any CPU.Deploy.0 = Ad-Hoc|iPhone
		{F0C7EBFD-42B6-4578-B847-DEFABFA4F100}.Ad-Hoc|ARM.ActiveCfg = Ad-Hoc|iPhone
		{F0C7EBFD-42B6-4578-B847-DEFABFA4F100}.Ad-Hoc|ARM.Build.0 = Ad-Hoc|iPhone
		{F0C7EBFD-42B6-4578-B847-DEFABFA4F100}.Ad-Hoc|ARM.Deploy.0 = Ad-Hoc|iPhone
		{F0C7EBFD-42B6-4578-B847-DEFABFA4F100}.Ad-Hoc|iPhone.ActiveCfg = Ad-Hoc|iPhone
		{F0C7EBFD-42B6-4578-B847-DEFABFA4F100}.Ad-Hoc|iPhone.Build.0 = Ad-Hoc|iPhone
		{F0C7EBFD-42B6-4578-B847-DEFABFA4F100}.Ad-Hoc|iPhone.Deploy.0 = Ad-Hoc|iPhone
		{F0C7EBFD-42B6-4578-B847-DEFABFA4F100}.Ad-Hoc|iPhoneSimulator.ActiveCfg = Ad-Hoc|iPhoneSimulator
		{F0C7EBFD-42B6-4578-B847-DEFABFA4F100}.Ad-Hoc|iPhoneSimulator.Build.0 = Ad-Hoc|iPhoneSimulator
		{F0C7EBFD-42B6-4578-B847-DEFABFA4F100}.Ad-Hoc|iPhoneSimulator.Deploy.0 = Ad-Hoc|iPhoneSimulator
		{F0C7EBFD-42B6-4578-B847-DEFABFA4F100}.Ad-Hoc|x64.ActiveCfg = Ad-Hoc|iPhone
		{F0C7EBFD-42B6-4578-B847-DEFABFA4F100}.Ad-Hoc|x64.Build.0 = Ad-Hoc|iPhone
		{F0C7EBFD-42B6-4578-B847-DEFABFA4F100}.Ad-Hoc|x64.Deploy.0 = Ad-Hoc|iPhone
		{F0C7EBFD-42B6-4578-B847-DEFABFA4F100}.Ad-Hoc|x86.ActiveCfg = Ad-Hoc|iPhone
		{F0C7EBFD-42B6-4578-B847-DEFABFA4F100}.Ad-Hoc|x86.Build.0 = Ad-Hoc|iPhone
		{F0C7EBFD-42B6-4578-B847-DEFABFA4F100}.Ad-Hoc|x86.Deploy.0 = Ad-Hoc|iPhone
		{F0C7EBFD-42B6-4578-B847-DEFABFA4F100}.AppStore|Any CPU.ActiveCfg = AppStore|iPhone
		{F0C7EBFD-42B6-4578-B847-DEFABFA4F100}.AppStore|Any CPU.Build.0 = AppStore|iPhone
		{F0C7EBFD-42B6-4578-B847-DEFABFA4F100}.AppStore|Any CPU.Deploy.0 = AppStore|iPhone
		{F0C7EBFD-42B6-4578-B847-DEFABFA4F100}.AppStore|ARM.ActiveCfg = AppStore|iPhone
		{F0C7EBFD-42B6-4578-B847-DEFABFA4F100}.AppStore|ARM.Build.0 = AppStore|iPhone
		{F0C7EBFD-42B6-4578-B847-DEFABFA4F100}.AppStore|ARM.Deploy.0 = AppStore|iPhone
		{F0C7EBFD-42B6-4578-B847-DEFABFA4F100}.AppStore|iPhone.ActiveCfg = AppStore|iPhone
		{F0C7EBFD-42B6-4578-B847-DEFABFA4F100}.AppStore|iPhone.Build.0 = AppStore|iPhone
		{F0C7EBFD-42B6-4578-B847-DEFABFA4F100}.AppStore|iPhone.Deploy.0 = AppStore|iPhone
		{F0C7EBFD-42B6-4578-B847-DEFABFA4F100}.AppStore|iPhoneSimulator.ActiveCfg = AppStore|iPhoneSimulator
		{F0C7EBFD-42B6-4578-B847-DEFABFA4F100}.AppStore|iPhoneSimulator.Build.0 = AppStore|iPhoneSimulator
		{F0C7EBFD-42B6-4578-B847-DEFABFA4F100}.AppStore|iPhoneSimulator.Deploy.0 = AppStore|iPhoneSimulator
		{F0C7EBFD-42B6-4578-B847-DEFABFA4F100}.AppStore|x64.ActiveCfg = AppStore|iPhone
		{F0C7EBFD-42B6-4578-B847-DEFABFA4F100}.AppStore|x64.Build.0 = AppStore|iPhone
		{F0C7EBFD-42B6-4578-B847-DEFABFA4F100}.AppStore|x64.Deploy.0 = AppStore|iPhone
		{F0C7EBFD-42B6-4578-B847-DEFABFA4F100}.AppStore|x86.ActiveCfg = AppStore|iPhone
		{F0C7EBFD-42B6-4578-B847-DEFABFA4F100}.AppStore|x86.Build.0 = AppStore|iPhone
		{F0C7EBFD-42B6-4578-B847-DEFABFA4F100}.AppStore|x86.Deploy.0 = AppStore|iPhone
		{F0C7EBFD-42B6-4578-B847-DEFABFA4F100}.Debug|Any CPU.ActiveCfg = Debug|iPhoneSimulator
		{F0C7EBFD-42B6-4578-B847-DEFABFA4F100}.Debug|Any CPU.Build.0 = Debug|iPhoneSimulator
		{F0C7EBFD-42B6-4578-B847-DEFABFA4F100}.Debug|Any CPU.Deploy.0 = Debug|iPhoneSimulator
		{F0C7EBFD-42B6-4578-B847-DEFABFA4F100}.Debug|ARM.ActiveCfg = Debug|iPhone
		{F0C7EBFD-42B6-4578-B847-DEFABFA4F100}.Debug|ARM.Build.0 = Debug|iPhone
		{F0C7EBFD-42B6-4578-B847-DEFABFA4F100}.Debug|ARM.Deploy.0 = Debug|iPhone
		{F0C7EBFD-42B6-4578-B847-DEFABFA4F100}.Debug|iPhone.ActiveCfg = Debug|iPhone
		{F0C7EBFD-42B6-4578-B847-DEFABFA4F100}.Debug|iPhone.Build.0 = Debug|iPhone
		{F0C7EBFD-42B6-4578-B847-DEFABFA4F100}.Debug|iPhone.Deploy.0 = Debug|iPhone
		{F0C7EBFD-42B6-4578-B847-DEFABFA4F100}.Debug|iPhoneSimulator.ActiveCfg = Debug|iPhoneSimulator
		{F0C7EBFD-42B6-4578-B847-DEFABFA4F100}.Debug|iPhoneSimulator.Build.0 = Debug|iPhoneSimulator
		{F0C7EBFD-42B6-4578-B847-DEFABFA4F100}.Debug|iPhoneSimulator.Deploy.0 = Debug|iPhoneSimulator
		{F0C7EBFD-42B6-4578-B847-DEFABFA4F100}.Debug|x64.ActiveCfg = Debug|iPhone
		{F0C7EBFD-42B6-4578-B847-DEFABFA4F100}.Debug|x64.Build.0 = Debug|iPhone
		{F0C7EBFD-42B6-4578-B847-DEFABFA4F100}.Debug|x64.Deploy.0 = Debug|iPhone
		{F0C7EBFD-42B6-4578-B847-DEFABFA4F100}.Debug|x86.ActiveCfg = Debug|iPhone
		{F0C7EBFD-42B6-4578-B847-DEFABFA4F100}.Debug|x86.Build.0 = Debug|iPhone
		{F0C7EBFD-42B6-4578-B847-DEFABFA4F100}.Debug|x86.Deploy.0 = Debug|iPhone
		{F0C7EBFD-42B6-4578-B847-DEFABFA4F100}.Release|Any CPU.ActiveCfg = Release|iPhone
		{F0C7EBFD-42B6-4578-B847-DEFABFA4F100}.Release|Any CPU.Build.0 = Release|iPhone
		{F0C7EBFD-42B6-4578-B847-DEFABFA4F100}.Release|Any CPU.Deploy.0 = Release|iPhone
		{F0C7EBFD-42B6-4578-B847-DEFABFA4F100}.Release|ARM.ActiveCfg = Release|iPhone
		{F0C7EBFD-42B6-4578-B847-DEFABFA4F100}.Release|ARM.Build.0 = Release|iPhone
		{F0C7EBFD-42B6-4578-B847-DEFABFA4F100}.Release|ARM.Deploy.0 = Release|iPhone
		{F0C7EBFD-42B6-4578-B847-DEFABFA4F100}.Release|iPhone.ActiveCfg = Release|iPhone
		{F0C7EBFD-42B6-4578-B847-DEFABFA4F100}.Release|iPhone.Build.0 = Release|iPhone
		{F0C7EBFD-42B6-4578-B847-DEFABFA4F100}.Release|iPhone.Deploy.0 = Release|iPhone
		{F0C7EBFD-42B6-4578-B847-DEFABFA4F100}.Release|iPhoneSimulator.ActiveCfg = Release|iPhoneSimulator
		{F0C7EBFD-42B6-4578-B847-DEFABFA4F100}.Release|iPhoneSimulator.Build.0 = Release|iPhoneSimulator
		{F0C7EBFD-42B6-4578-B847-DEFABFA4F100}.Release|iPhoneSimulator.Deploy.0 = Release|iPhoneSimulator
		{F0C7EBFD-42B6-4578-B847-DEFABFA4F100}.Release|x64.ActiveCfg = Release|iPhone
		{F0C7EBFD-42B6-4578-B847-DEFABFA4F100}.Release|x64.Build.0 = Release|iPhone
		{F0C7EBFD-42B6-4578-B847-DEFABFA4F100}.Release|x64.Deploy.0 = Release|iPhone
		{F0C7EBFD-42B6-4578-B847-DEFABFA4F100}.Release|x86.ActiveCfg = Release|iPhone
		{F0C7EBFD-42B6-4578-B847-DEFABFA4F100}.Release|x86.Build.0 = Release|iPhone
		{F0C7EBFD-42B6-4578-B847-DEFABFA4F100}.Release|x86.Deploy.0 = Release|iPhone
		{7FE88AD9-8367-4F4C-B365-186AABC50BAA}.Ad-Hoc|Any CPU.ActiveCfg = Release|x86
		{7FE88AD9-8367-4F4C-B365-186AABC50BAA}.Ad-Hoc|Any CPU.Build.0 = Release|x86
		{7FE88AD9-8367-4F4C-B365-186AABC50BAA}.Ad-Hoc|Any CPU.Deploy.0 = Release|x86
		{7FE88AD9-8367-4F4C-B365-186AABC50BAA}.Ad-Hoc|ARM.ActiveCfg = Release|ARM
		{7FE88AD9-8367-4F4C-B365-186AABC50BAA}.Ad-Hoc|ARM.Build.0 = Release|ARM
		{7FE88AD9-8367-4F4C-B365-186AABC50BAA}.Ad-Hoc|ARM.Deploy.0 = Release|ARM
		{7FE88AD9-8367-4F4C-B365-186AABC50BAA}.Ad-Hoc|iPhone.ActiveCfg = Release|x86
		{7FE88AD9-8367-4F4C-B365-186AABC50BAA}.Ad-Hoc|iPhone.Build.0 = Release|x86
		{7FE88AD9-8367-4F4C-B365-186AABC50BAA}.Ad-Hoc|iPhone.Deploy.0 = Release|x86
		{7FE88AD9-8367-4F4C-B365-186AABC50BAA}.Ad-Hoc|iPhoneSimulator.ActiveCfg = Release|x86
		{7FE88AD9-8367-4F4C-B365-186AABC50BAA}.Ad-Hoc|iPhoneSimulator.Build.0 = Release|x86
		{7FE88AD9-8367-4F4C-B365-186AABC50BAA}.Ad-Hoc|iPhoneSimulator.Deploy.0 = Release|x86
		{7FE88AD9-8367-4F4C-B365-186AABC50BAA}.Ad-Hoc|x64.ActiveCfg = Release|x64
		{7FE88AD9-8367-4F4C-B365-186AABC50BAA}.Ad-Hoc|x64.Build.0 = Release|x64
		{7FE88AD9-8367-4F4C-B365-186AABC50BAA}.Ad-Hoc|x64.Deploy.0 = Release|x64
		{7FE88AD9-8367-4F4C-B365-186AABC50BAA}.Ad-Hoc|x86.ActiveCfg = Release|x86
		{7FE88AD9-8367-4F4C-B365-186AABC50BAA}.Ad-Hoc|x86.Build.0 = Release|x86
		{7FE88AD9-8367-4F4C-B365-186AABC50BAA}.Ad-Hoc|x86.Deploy.0 = Release|x86
		{7FE88AD9-8367-4F4C-B365-186AABC50BAA}.AppStore|Any CPU.ActiveCfg = Release|x86
		{7FE88AD9-8367-4F4C-B365-186AABC50BAA}.AppStore|Any CPU.Build.0 = Release|x86
		{7FE88AD9-8367-4F4C-B365-186AABC50BAA}.AppStore|Any CPU.Deploy.0 = Release|x86
		{7FE88AD9-8367-4F4C-B365-186AABC50BAA}.AppStore|ARM.ActiveCfg = Release|ARM
		{7FE88AD9-8367-4F4C-B365-186AABC50BAA}.AppStore|ARM.Build.0 = Release|ARM
		{7FE88AD9-8367-4F4C-B365-186AABC50BAA}.AppStore|ARM.Deploy.0 = Release|ARM
		{7FE88AD9-8367-4F4C-B365-186AABC50BAA}.AppStore|iPhone.ActiveCfg = Release|x86
		{7FE88AD9-8367-4F4C-B365-186AABC50BAA}.AppStore|iPhone.Build.0 = Release|x86
		{7FE88AD9-8367-4F4C-B365-186AABC50BAA}.AppStore|iPhone.Deploy.0 = Release|x86
		{7FE88AD9-8367-4F4C-B365-186AABC50BAA}.AppStore|iPhoneSimulator.ActiveCfg = Release|x86
		{7FE88AD9-8367-4F4C-B365-186AABC50BAA}.AppStore|iPhoneSimulator.Build.0 = Release|x86
		{7FE88AD9-8367-4F4C-B365-186AABC50BAA}.AppStore|iPhoneSimulator.Deploy.0 = Release|x86
		{7FE88AD9-8367-4F4C-B365-186AABC50BAA}.AppStore|x64.ActiveCfg = Release|x64
		{7FE88AD9-8367-4F4C-B365-186AABC50BAA}.AppStore|x64.Build.0 = Release|x64
		{7FE88AD9-8367-4F4C-B365-186AABC50BAA}.AppStore|x64.Deploy.0 = Release|x64
		{7FE88AD9-8367-4F4C-B365-186AABC50BAA}.AppStore|x86.ActiveCfg = Release|x86
		{7FE88AD9-8367-4F4C-B365-186AABC50BAA}.AppStore|x86.Build.0 = Release|x86
		{7FE88AD9-8367-4F4C-B365-186AABC50BAA}.AppStore|x86.Deploy.0 = Release|x86
		{7FE88AD9-8367-4F4C-B365-186AABC50BAA}.Debug|Any CPU.ActiveCfg = Debug|x86
		{7FE88AD9-8367-4F4C-B365-186AABC50BAA}.Debug|Any CPU.Build.0 = Debug|x86
		{7FE88AD9-8367-4F4C-B365-186AABC50BAA}.Debug|Any CPU.Deploy.0 = Debug|x86
		{7FE88AD9-8367-4F4C-B365-186AABC50BAA}.Debug|ARM.ActiveCfg = Debug|ARM
		{7FE88AD9-8367-4F4C-B365-186AABC50BAA}.Debug|ARM.Build.0 = Debug|ARM
		{7FE88AD9-8367-4F4C-B365-186AABC50BAA}.Debug|ARM.Deploy.0 = Debug|ARM
		{7FE88AD9-8367-4F4C-B365-186AABC50BAA}.Debug|iPhone.ActiveCfg = Debug|x86
		{7FE88AD9-8367-4F4C-B365-186AABC50BAA}.Debug|iPhone.Build.0 = Debug|x86
		{7FE88AD9-8367-4F4C-B365-186AABC50BAA}.Debug|iPhone.Deploy.0 = Debug|x86
		{7FE88AD9-8367-4F4C-B365-186AABC50BAA}.Debug|iPhoneSimulator.ActiveCfg = Debug|x86
		{7FE88AD9-8367-4F4C-B365-186AABC50BAA}.Debug|iPhoneSimulator.Build.0 = Debug|x86
		{7FE88AD9-8367-4F4C-B365-186AABC50BAA}.Debug|iPhoneSimulator.Deploy.0 = Debug|x86
		{7FE88AD9-8367-4F4C-B365-186AABC50BAA}.Debug|x64.ActiveCfg = Debug|x64
		{7FE88AD9-8367-4F4C-B365-186AABC50BAA}.Debug|x64.Build.0 = Debug|x64
		{7FE88AD9-8367-4F4C-B365-186AABC50BAA}.Debug|x64.Deploy.0 = Debug|x64
		{7FE88AD9-8367-4F4C-B365-186AABC50BAA}.Debug|x86.ActiveCfg = Debug|x86
		{7FE88AD9-8367-4F4C-B365-186AABC50BAA}.Debug|x86.Build.0 = Debug|x86
		{7FE88AD9-8367-4F4C-B365-186AABC50BAA}.Debug|x86.Deploy.0 = Debug|x86
		{7FE88AD9-8367-4F4C-B365-186AABC50BAA}.Release|Any CPU.ActiveCfg = Release|x86
		{7FE88AD9-8367-4F4C-B365-186AABC50BAA}.Release|Any CPU.Build.0 = Release|x86
		{7FE88AD9-8367-4F4C-B365-186AABC50BAA}.Release|Any CPU.Deploy.0 = Release|x86
		{7FE88AD9-8367-4F4C-B365-186AABC50BAA}.Release|ARM.ActiveCfg = Release|ARM
		{7FE88AD9-8367-4F4C-B365-186AABC50BAA}.Release|ARM.Build.0 = Release|ARM
		{7FE88AD9-8367-4F4C-B365-186AABC50BAA}.Release|ARM.Deploy.0 = Release|ARM
		{7FE88AD9-8367-4F4C-B365-186AABC50BAA}.Release|iPhone.ActiveCfg = Release|x86
		{7FE88AD9-8367-4F4C-B365-186AABC50BAA}.Release|iPhone.Build.0 = Release|x86
		{7FE88AD9-8367-4F4C-B365-186AABC50BAA}.Release|iPhone.Deploy.0 = Release|x86
		{7FE88AD9-8367-4F4C-B365-186AABC50BAA}.Release|iPhoneSimulator.ActiveCfg = Release|x86
		{7FE88AD9-8367-4F4C-B365-186AABC50BAA}.Release|iPhoneSimulator.Build.0 = Release|x86
		{7FE88AD9-8367-4F4C-B365-186AABC50BAA}.Release|iPhoneSimulator.Deploy.0 = Release|x86
		{7FE88AD9-8367-4F4C-B365-186AABC50BAA}.Release|x64.ActiveCfg = Release|x64
		{7FE88AD9-8367-4F4C-B365-186AABC50BAA}.Release|x64.Build.0 = Release|x64
		{7FE88AD9-8367-4F4C-B365-186AABC50BAA}.Release|x64.Deploy.0 = Release|x64
		{7FE88AD9-8367-4F4C-B365-186AABC50BAA}.Release|x86.ActiveCfg = Release|x86
		{7FE88AD9-8367-4F4C-B365-186AABC50BAA}.Release|x86.Build.0 = Release|x86
		{7FE88AD9-8367-4F4C-B365-186AABC50BAA}.Release|x86.Deploy.0 = Release|x86
		{055F1DA0-AF11-4717-B080-977EBFFA70AC}.Ad-Hoc|Any CPU.ActiveCfg = Debug|Any CPU
		{055F1DA0-AF11-4717-B080-977EBFFA70AC}.Ad-Hoc|Any CPU.Build.0 = Debug|Any CPU
		{055F1DA0-AF11-4717-B080-977EBFFA70AC}.Ad-Hoc|ARM.ActiveCfg = Debug|Any CPU
		{055F1DA0-AF11-4717-B080-977EBFFA70AC}.Ad-Hoc|ARM.Build.0 = Debug|Any CPU
		{055F1DA0-AF11-4717-B080-977EBFFA70AC}.Ad-Hoc|iPhone.ActiveCfg = Debug|Any CPU
		{055F1DA0-AF11-4717-B080-977EBFFA70AC}.Ad-Hoc|iPhone.Build.0 = Debug|Any CPU
		{055F1DA0-AF11-4717-B080-977EBFFA70AC}.Ad-Hoc|iPhoneSimulator.ActiveCfg = Debug|Any CPU
		{055F1DA0-AF11-4717-B080-977EBFFA70AC}.Ad-Hoc|iPhoneSimulator.Build.0 = Debug|Any CPU
		{055F1DA0-AF11-4717-B080-977EBFFA70AC}.Ad-Hoc|x64.ActiveCfg = Debug|Any CPU
		{055F1DA0-AF11-4717-B080-977EBFFA70AC}.Ad-Hoc|x64.Build.0 = Debug|Any CPU
		{055F1DA0-AF11-4717-B080-977EBFFA70AC}.Ad-Hoc|x86.ActiveCfg = Debug|Any CPU
		{055F1DA0-AF11-4717-B080-977EBFFA70AC}.Ad-Hoc|x86.Build.0 = Debug|Any CPU
		{055F1DA0-AF11-4717-B080-977EBFFA70AC}.AppStore|Any CPU.ActiveCfg = Debug|Any CPU
		{055F1DA0-AF11-4717-B080-977EBFFA70AC}.AppStore|Any CPU.Build.0 = Debug|Any CPU
		{055F1DA0-AF11-4717-B080-977EBFFA70AC}.AppStore|ARM.ActiveCfg = Debug|Any CPU
		{055F1DA0-AF11-4717-B080-977EBFFA70AC}.AppStore|ARM.Build.0 = Debug|Any CPU
		{055F1DA0-AF11-4717-B080-977EBFFA70AC}.AppStore|iPhone.ActiveCfg = Debug|Any CPU
		{055F1DA0-AF11-4717-B080-977EBFFA70AC}.AppStore|iPhone.Build.0 = Debug|Any CPU
		{055F1DA0-AF11-4717-B080-977EBFFA70AC}.AppStore|iPhoneSimulator.ActiveCfg = Debug|Any CPU
		{055F1DA0-AF11-4717-B080-977EBFFA70AC}.AppStore|iPhoneSimulator.Build.0 = Debug|Any CPU
		{055F1DA0-AF11-4717-B080-977EBFFA70AC}.AppStore|x64.ActiveCfg = Debug|Any CPU
		{055F1DA0-AF11-4717-B080-977EBFFA70AC}.AppStore|x64.Build.0 = Debug|Any CPU
		{055F1DA0-AF11-4717-B080-977EBFFA70AC}.AppStore|x86.ActiveCfg = Debug|Any CPU
		{055F1DA0-AF11-4717-B080-977EBFFA70AC}.AppStore|x86.Build.0 = Debug|Any CPU
		{055F1DA0-AF11-4717-B080-977EBFFA70AC}.Debug|Any CPU.ActiveCfg = Debug|Any CPU
		{055F1DA0-AF11-4717-B080-977EBFFA70AC}.Debug|Any CPU.Build.0 = Debug|Any CPU
		{055F1DA0-AF11-4717-B080-977EBFFA70AC}.Debug|ARM.ActiveCfg = Debug|Any CPU
		{055F1DA0-AF11-4717-B080-977EBFFA70AC}.Debug|ARM.Build.0 = Debug|Any CPU
		{055F1DA0-AF11-4717-B080-977EBFFA70AC}.Debug|iPhone.ActiveCfg = Debug|Any CPU
		{055F1DA0-AF11-4717-B080-977EBFFA70AC}.Debug|iPhone.Build.0 = Debug|Any CPU
		{055F1DA0-AF11-4717-B080-977EBFFA70AC}.Debug|iPhoneSimulator.ActiveCfg = Debug|Any CPU
		{055F1DA0-AF11-4717-B080-977EBFFA70AC}.Debug|iPhoneSimulator.Build.0 = Debug|Any CPU
		{055F1DA0-AF11-4717-B080-977EBFFA70AC}.Debug|x64.ActiveCfg = Debug|Any CPU
		{055F1DA0-AF11-4717-B080-977EBFFA70AC}.Debug|x64.Build.0 = Debug|Any CPU
		{055F1DA0-AF11-4717-B080-977EBFFA70AC}.Debug|x86.ActiveCfg = Debug|Any CPU
		{055F1DA0-AF11-4717-B080-977EBFFA70AC}.Debug|x86.Build.0 = Debug|Any CPU
		{055F1DA0-AF11-4717-B080-977EBFFA70AC}.Release|Any CPU.ActiveCfg = Release|Any CPU
		{055F1DA0-AF11-4717-B080-977EBFFA70AC}.Release|Any CPU.Build.0 = Release|Any CPU
		{055F1DA0-AF11-4717-B080-977EBFFA70AC}.Release|ARM.ActiveCfg = Release|Any CPU
		{055F1DA0-AF11-4717-B080-977EBFFA70AC}.Release|ARM.Build.0 = Release|Any CPU
		{055F1DA0-AF11-4717-B080-977EBFFA70AC}.Release|iPhone.ActiveCfg = Release|Any CPU
		{055F1DA0-AF11-4717-B080-977EBFFA70AC}.Release|iPhone.Build.0 = Release|Any CPU
		{055F1DA0-AF11-4717-B080-977EBFFA70AC}.Release|iPhoneSimulator.ActiveCfg = Release|Any CPU
		{055F1DA0-AF11-4717-B080-977EBFFA70AC}.Release|iPhoneSimulator.Build.0 = Release|Any CPU
		{055F1DA0-AF11-4717-B080-977EBFFA70AC}.Release|x64.ActiveCfg = Release|Any CPU
		{055F1DA0-AF11-4717-B080-977EBFFA70AC}.Release|x64.Build.0 = Release|Any CPU
		{055F1DA0-AF11-4717-B080-977EBFFA70AC}.Release|x86.ActiveCfg = Release|Any CPU
		{055F1DA0-AF11-4717-B080-977EBFFA70AC}.Release|x86.Build.0 = Release|Any CPU
		{64E4E083-971E-472B-9151-61C21E717380}.Ad-Hoc|Any CPU.ActiveCfg = Debug|Any CPU
		{64E4E083-971E-472B-9151-61C21E717380}.Ad-Hoc|Any CPU.Build.0 = Debug|Any CPU
		{64E4E083-971E-472B-9151-61C21E717380}.Ad-Hoc|Any CPU.Deploy.0 = Debug|Any CPU
		{64E4E083-971E-472B-9151-61C21E717380}.Ad-Hoc|ARM.ActiveCfg = Debug|Any CPU
		{64E4E083-971E-472B-9151-61C21E717380}.Ad-Hoc|ARM.Build.0 = Debug|Any CPU
		{64E4E083-971E-472B-9151-61C21E717380}.Ad-Hoc|ARM.Deploy.0 = Debug|Any CPU
		{64E4E083-971E-472B-9151-61C21E717380}.Ad-Hoc|iPhone.ActiveCfg = Debug|Any CPU
		{64E4E083-971E-472B-9151-61C21E717380}.Ad-Hoc|iPhone.Build.0 = Debug|Any CPU
		{64E4E083-971E-472B-9151-61C21E717380}.Ad-Hoc|iPhone.Deploy.0 = Debug|Any CPU
		{64E4E083-971E-472B-9151-61C21E717380}.Ad-Hoc|iPhoneSimulator.ActiveCfg = Debug|Any CPU
		{64E4E083-971E-472B-9151-61C21E717380}.Ad-Hoc|iPhoneSimulator.Build.0 = Debug|Any CPU
		{64E4E083-971E-472B-9151-61C21E717380}.Ad-Hoc|iPhoneSimulator.Deploy.0 = Debug|Any CPU
		{64E4E083-971E-472B-9151-61C21E717380}.Ad-Hoc|x64.ActiveCfg = Debug|Any CPU
		{64E4E083-971E-472B-9151-61C21E717380}.Ad-Hoc|x64.Build.0 = Debug|Any CPU
		{64E4E083-971E-472B-9151-61C21E717380}.Ad-Hoc|x64.Deploy.0 = Debug|Any CPU
		{64E4E083-971E-472B-9151-61C21E717380}.Ad-Hoc|x86.ActiveCfg = Debug|Any CPU
		{64E4E083-971E-472B-9151-61C21E717380}.Ad-Hoc|x86.Build.0 = Debug|Any CPU
		{64E4E083-971E-472B-9151-61C21E717380}.Ad-Hoc|x86.Deploy.0 = Debug|Any CPU
		{64E4E083-971E-472B-9151-61C21E717380}.AppStore|Any CPU.ActiveCfg = Debug|Any CPU
		{64E4E083-971E-472B-9151-61C21E717380}.AppStore|Any CPU.Build.0 = Debug|Any CPU
		{64E4E083-971E-472B-9151-61C21E717380}.AppStore|Any CPU.Deploy.0 = Debug|Any CPU
		{64E4E083-971E-472B-9151-61C21E717380}.AppStore|ARM.ActiveCfg = Debug|Any CPU
		{64E4E083-971E-472B-9151-61C21E717380}.AppStore|ARM.Build.0 = Debug|Any CPU
		{64E4E083-971E-472B-9151-61C21E717380}.AppStore|ARM.Deploy.0 = Debug|Any CPU
		{64E4E083-971E-472B-9151-61C21E717380}.AppStore|iPhone.ActiveCfg = Debug|Any CPU
		{64E4E083-971E-472B-9151-61C21E717380}.AppStore|iPhone.Build.0 = Debug|Any CPU
		{64E4E083-971E-472B-9151-61C21E717380}.AppStore|iPhone.Deploy.0 = Debug|Any CPU
		{64E4E083-971E-472B-9151-61C21E717380}.AppStore|iPhoneSimulator.ActiveCfg = Debug|Any CPU
		{64E4E083-971E-472B-9151-61C21E717380}.AppStore|iPhoneSimulator.Build.0 = Debug|Any CPU
		{64E4E083-971E-472B-9151-61C21E717380}.AppStore|iPhoneSimulator.Deploy.0 = Debug|Any CPU
		{64E4E083-971E-472B-9151-61C21E717380}.AppStore|x64.ActiveCfg = Debug|Any CPU
		{64E4E083-971E-472B-9151-61C21E717380}.AppStore|x64.Build.0 = Debug|Any CPU
		{64E4E083-971E-472B-9151-61C21E717380}.AppStore|x64.Deploy.0 = Debug|Any CPU
		{64E4E083-971E-472B-9151-61C21E717380}.AppStore|x86.ActiveCfg = Debug|Any CPU
		{64E4E083-971E-472B-9151-61C21E717380}.AppStore|x86.Build.0 = Debug|Any CPU
		{64E4E083-971E-472B-9151-61C21E717380}.AppStore|x86.Deploy.0 = Debug|Any CPU
		{64E4E083-971E-472B-9151-61C21E717380}.Debug|Any CPU.ActiveCfg = Debug|Any CPU
		{64E4E083-971E-472B-9151-61C21E717380}.Debug|Any CPU.Build.0 = Debug|Any CPU
		{64E4E083-971E-472B-9151-61C21E717380}.Debug|Any CPU.Deploy.0 = Debug|Any CPU
		{64E4E083-971E-472B-9151-61C21E717380}.Debug|ARM.ActiveCfg = Debug|Any CPU
		{64E4E083-971E-472B-9151-61C21E717380}.Debug|ARM.Build.0 = Debug|Any CPU
		{64E4E083-971E-472B-9151-61C21E717380}.Debug|ARM.Deploy.0 = Debug|Any CPU
		{64E4E083-971E-472B-9151-61C21E717380}.Debug|iPhone.ActiveCfg = Debug|Any CPU
		{64E4E083-971E-472B-9151-61C21E717380}.Debug|iPhone.Build.0 = Debug|Any CPU
		{64E4E083-971E-472B-9151-61C21E717380}.Debug|iPhone.Deploy.0 = Debug|Any CPU
		{64E4E083-971E-472B-9151-61C21E717380}.Debug|iPhoneSimulator.ActiveCfg = Debug|Any CPU
		{64E4E083-971E-472B-9151-61C21E717380}.Debug|iPhoneSimulator.Build.0 = Debug|Any CPU
		{64E4E083-971E-472B-9151-61C21E717380}.Debug|iPhoneSimulator.Deploy.0 = Debug|Any CPU
		{64E4E083-971E-472B-9151-61C21E717380}.Debug|x64.ActiveCfg = Debug|Any CPU
		{64E4E083-971E-472B-9151-61C21E717380}.Debug|x64.Build.0 = Debug|Any CPU
		{64E4E083-971E-472B-9151-61C21E717380}.Debug|x64.Deploy.0 = Debug|Any CPU
		{64E4E083-971E-472B-9151-61C21E717380}.Debug|x86.ActiveCfg = Debug|Any CPU
		{64E4E083-971E-472B-9151-61C21E717380}.Debug|x86.Build.0 = Debug|Any CPU
		{64E4E083-971E-472B-9151-61C21E717380}.Debug|x86.Deploy.0 = Debug|Any CPU
		{64E4E083-971E-472B-9151-61C21E717380}.Release|Any CPU.ActiveCfg = Release|Any CPU
		{64E4E083-971E-472B-9151-61C21E717380}.Release|Any CPU.Build.0 = Release|Any CPU
		{64E4E083-971E-472B-9151-61C21E717380}.Release|Any CPU.Deploy.0 = Release|Any CPU
		{64E4E083-971E-472B-9151-61C21E717380}.Release|ARM.ActiveCfg = Release|Any CPU
		{64E4E083-971E-472B-9151-61C21E717380}.Release|ARM.Build.0 = Release|Any CPU
		{64E4E083-971E-472B-9151-61C21E717380}.Release|ARM.Deploy.0 = Release|Any CPU
		{64E4E083-971E-472B-9151-61C21E717380}.Release|iPhone.ActiveCfg = Release|Any CPU
		{64E4E083-971E-472B-9151-61C21E717380}.Release|iPhone.Build.0 = Release|Any CPU
		{64E4E083-971E-472B-9151-61C21E717380}.Release|iPhone.Deploy.0 = Release|Any CPU
		{64E4E083-971E-472B-9151-61C21E717380}.Release|iPhoneSimulator.ActiveCfg = Release|Any CPU
		{64E4E083-971E-472B-9151-61C21E717380}.Release|iPhoneSimulator.Build.0 = Release|Any CPU
		{64E4E083-971E-472B-9151-61C21E717380}.Release|iPhoneSimulator.Deploy.0 = Release|Any CPU
		{64E4E083-971E-472B-9151-61C21E717380}.Release|x64.ActiveCfg = Release|Any CPU
		{64E4E083-971E-472B-9151-61C21E717380}.Release|x64.Build.0 = Release|Any CPU
		{64E4E083-971E-472B-9151-61C21E717380}.Release|x64.Deploy.0 = Release|Any CPU
		{64E4E083-971E-472B-9151-61C21E717380}.Release|x86.ActiveCfg = Release|Any CPU
		{64E4E083-971E-472B-9151-61C21E717380}.Release|x86.Build.0 = Release|Any CPU
		{64E4E083-971E-472B-9151-61C21E717380}.Release|x86.Deploy.0 = Release|Any CPU
	EndGlobalSection
	GlobalSection(SolutionProperties) = preSolution
		HideSolutionNode = FALSE
	EndGlobalSection
	GlobalSection(ExtensibilityGlobals) = postSolution
		SolutionGuid = {5777695E-1D4C-44E2-8D40-A95A5E403EC0}
	EndGlobalSection
EndGlobal
